
Microsoft Visual Studio Solution File, Format Version 12.00
# Visual Studio Version 16
VisualStudioVersion = 16.0.31424.327
MinimumVisualStudioVersion = 10.0.40219.1
Project("{9A19103F-16F7-4668-BE54-9A1E7A4F7556}") = "AgenciaBancaria.Dominio", "AgenciaBancaria.Dominio\AgenciaBancaria.Dominio.csproj", "{37283C11-D11D-4A31-9806-FFD58870C95F}"
EndProject
Project("{FAE04EC0-301F-11D3-BF4B-00C04F79EFBC}") = "AgenciaBancaria.App", "AgenciaBancaria.App\AgenciaBancaria.App.csproj", "{6264F727-0B90-4DEA-9675-4D796388721B}"
EndProject
Global
	GlobalSection(SolutionConfigurationPlatforms) = preSolution
		Debug|Any CPU = Debug|Any CPU
		Release|Any CPU = Release|Any CPU
	EndGlobalSection
	GlobalSection(ProjectConfigurationPlatforms) = postSolution
		{37283C11-D11D-4A31-9806-FFD58870C95F}.Debug|Any CPU.ActiveCfg = Debug|Any CPU
		{37283C11-D11D-4A31-9806-FFD58870C95F}.Debug|Any CPU.Build.0 = Debug|Any CPU
		{37283C11-D11D-4A31-9806-FFD58870C95F}.Release|Any CPU.ActiveCfg = Release|Any CPU
		{37283C11-D11D-4A31-9806-FFD58870C95F}.Release|Any CPU.Build.0 = Release|Any CPU
		{6264F727-0B90-4DEA-9675-4D796388721B}.Debug|Any CPU.ActiveCfg = Debug|Any CPU
		{6264F727-0B90-4DEA-9675-4D796388721B}.Debug|Any CPU.Build.0 = Debug|Any CPU
		{6264F727-0B90-4DEA-9675-4D796388721B}.Release|Any CPU.ActiveCfg = Release|Any CPU
		{6264F727-0B90-4DEA-9675-4D796388721B}.Release|Any CPU.Build.0 = Release|Any CPU
	EndGlobalSection
	GlobalSection(SolutionProperties) = preSolution
		HideSolutionNode = FALSE
	EndGlobalSection
	GlobalSection(ExtensibilityGlobals) = postSolution
		SolutionGuid = {9B8305CE-6E45-4F5C-922E-34D59351839F}
	EndGlobalSection
EndGlobal
